
Microsoft Visual Studio Solution File, Format Version 12.00
# Visual Studio Version 17
VisualStudioVersion = 17.14.36301.6 d17.14
MinimumVisualStudioVersion = 10.0.40219.1
Project("{FAE04EC0-301F-11D3-BF4B-00C04F79EFBC}") = "ZondaDemo.API", "ZondaDemo.API\ZondaDemo.API.csproj", "{DC796B0A-A968-44DA-ACC5-8E4D384776D4}"
EndProject
Global
	GlobalSection(SolutionConfigurationPlatforms) = preSolution
		Debug|Any CPU = Debug|Any CPU
		Release|Any CPU = Release|Any CPU
	EndGlobalSection
	GlobalSection(ProjectConfigurationPlatforms) = postSolution
		{DC796B0A-A968-44DA-ACC5-8E4D384776D4}.Debug|Any CPU.ActiveCfg = Debug|Any CPU
		{DC796B0A-A968-44DA-ACC5-8E4D384776D4}.Debug|Any CPU.Build.0 = Debug|Any CPU
		{DC796B0A-A968-44DA-ACC5-8E4D384776D4}.Release|Any CPU.ActiveCfg = Release|Any CPU
		{DC796B0A-A968-44DA-ACC5-8E4D384776D4}.Release|Any CPU.Build.0 = Release|Any CPU
	EndGlobalSection
	GlobalSection(SolutionProperties) = preSolution
		HideSolutionNode = FALSE
	EndGlobalSection
	GlobalSection(ExtensibilityGlobals) = postSolution
		SolutionGuid = {EFB7DF18-3D0C-4936-A13F-2C74A81B5930}
	EndGlobalSection
EndGlobal
